{
  "name": "nodeproject",
  "version": "1.0.0",
  "lockfileVersion": 3,
  "requires": true,
  "packages": {
    "": {
      "name": "nodeproject",
      "version": "1.0.0",
      "license": "ISC",
      "dependencies": {
        "@einsyeager/ajs": "^1.0.0"
      }
    },
    "node_modules/@einsyeager/ajs": {
      "version": "1.0.0",
      "resolved": "https://npm.pkg.github.com/download/@einsyeager/ajs/1.0.0/52d1837f4416e062894d98189ef83e8ff4f861a2",
      "integrity": "sha512-sx7qsQsWiOwtzpBV2vrXBirk//r8U7TYXQkSzsuZB6LPHCc2eEeOMyI7qf8xXUqkbCW6WdnH0/Mdd2g5HyaR5g==",
      "license": "ISC"
    }
  }
}
